
Microsoft Visual Studio Solution File, Format Version 12.00
# Visual Studio Version 17
VisualStudioVersion = 17.4.33110.190
MinimumVisualStudioVersion = 10.0.40219.1
Project("{FAE04EC0-301F-11D3-BF4B-00C04F79EFBC}") = "Unnamed", "Unnamed\Unnamed.csproj", "{3EA35B0E-9B70-4BF5-9C95-61A0687DBBBA}"
EndProject
Global
	GlobalSection(SolutionConfigurationPlatforms) = preSolution
		Debug|Any CPU = Debug|Any CPU
		Release|Any CPU = Release|Any CPU
	EndGlobalSection
	GlobalSection(ProjectConfigurationPlatforms) = postSolution
		{3EA35B0E-9B70-4BF5-9C95-61A0687DBBBA}.Debug|Any CPU.ActiveCfg = Debug|Any CPU
		{3EA35B0E-9B70-4BF5-9C95-61A0687DBBBA}.Debug|Any CPU.Build.0 = Debug|Any CPU
		{3EA35B0E-9B70-4BF5-9C95-61A0687DBBBA}.Release|Any CPU.ActiveCfg = Release|Any CPU
		{3EA35B0E-9B70-4BF5-9C95-61A0687DBBBA}.Release|Any CPU.Build.0 = Release|Any CPU
	EndGlobalSection
	GlobalSection(SolutionProperties) = preSolution
		HideSolutionNode = FALSE
	EndGlobalSection
	GlobalSection(ExtensibilityGlobals) = postSolution
		SolutionGuid = {C82034DE-22EA-457F-9F9D-F353A84C3866}
	EndGlobalSection
EndGlobal
